
Microsoft Visual Studio Solution File, Format Version 12.00
# Visual Studio Version 17
VisualStudioVersion = 17.5.33414.496
MinimumVisualStudioVersion = 10.0.40219.1
Project("{FAE04EC0-301F-11D3-BF4B-00C04F79EFBC}") = "RobotNavigation", "RobotNavigation.csproj", "{1DADACAE-0395-42BD-8E86-7BB3DA248781}"
EndProject
Global
	GlobalSection(SolutionConfigurationPlatforms) = preSolution
		Debug|Any CPU = Debug|Any CPU
		Release|Any CPU = Release|Any CPU
	EndGlobalSection
	GlobalSection(ProjectConfigurationPlatforms) = postSolution
		{1DADACAE-0395-42BD-8E86-7BB3DA248781}.Debug|Any CPU.ActiveCfg = Debug|Any CPU
		{1DADACAE-0395-42BD-8E86-7BB3DA248781}.Debug|Any CPU.Build.0 = Debug|Any CPU
		{1DADACAE-0395-42BD-8E86-7BB3DA248781}.Release|Any CPU.ActiveCfg = Release|Any CPU
		{1DADACAE-0395-42BD-8E86-7BB3DA248781}.Release|Any CPU.Build.0 = Release|Any CPU
	EndGlobalSection
	GlobalSection(SolutionProperties) = preSolution
		HideSolutionNode = FALSE
	EndGlobalSection
	GlobalSection(ExtensibilityGlobals) = postSolution
		SolutionGuid = {C2AEE29F-E971-42FD-A4C5-DF4744AC038E}
	EndGlobalSection
EndGlobal
